
Microsoft Visual Studio Solution File, Format Version 12.00
# Visual Studio Version 17
VisualStudioVersion = 17.5.002.0
MinimumVisualStudioVersion = 10.0.40219.1
Project("{9A19103F-16F7-4668-BE54-9A1E7A4F7556}") = "test", "test.csproj", "{F6CC1F51-B6F6-46FA-859A-49EF4A8BEC6B}"
EndProject
Global
	GlobalSection(SolutionConfigurationPlatforms) = preSolution
		Debug|Any CPU = Debug|Any CPU
		Release|Any CPU = Release|Any CPU
	EndGlobalSection
	GlobalSection(ProjectConfigurationPlatforms) = postSolution
		{F6CC1F51-B6F6-46FA-859A-49EF4A8BEC6B}.Debug|Any CPU.ActiveCfg = Debug|Any CPU
		{F6CC1F51-B6F6-46FA-859A-49EF4A8BEC6B}.Debug|Any CPU.Build.0 = Debug|Any CPU
		{F6CC1F51-B6F6-46FA-859A-49EF4A8BEC6B}.Release|Any CPU.ActiveCfg = Release|Any CPU
		{F6CC1F51-B6F6-46FA-859A-49EF4A8BEC6B}.Release|Any CPU.Build.0 = Release|Any CPU
	EndGlobalSection
	GlobalSection(SolutionProperties) = preSolution
		HideSolutionNode = FALSE
	EndGlobalSection
	GlobalSection(ExtensibilityGlobals) = postSolution
		SolutionGuid = {F2755D3E-1F9C-433E-B80D-B26B4FD0E8F3}
	EndGlobalSection
EndGlobal
