
Microsoft Visual Studio Solution File, Format Version 12.00
# Visual Studio Version 17
VisualStudioVersion = 17.5.002.0
MinimumVisualStudioVersion = 10.0.40219.1
Project("{9A19103F-16F7-4668-BE54-9A1E7A4F7556}") = "raft-garioncox", "raft-garioncox.csproj", "{47C3AA4A-58A0-4EA9-9AFB-CF0EAAAE2D3C}"
EndProject
Global
	GlobalSection(SolutionConfigurationPlatforms) = preSolution
		Debug|Any CPU = Debug|Any CPU
		Release|Any CPU = Release|Any CPU
	EndGlobalSection
	GlobalSection(ProjectConfigurationPlatforms) = postSolution
		{47C3AA4A-58A0-4EA9-9AFB-CF0EAAAE2D3C}.Debug|Any CPU.ActiveCfg = Debug|Any CPU
		{47C3AA4A-58A0-4EA9-9AFB-CF0EAAAE2D3C}.Debug|Any CPU.Build.0 = Debug|Any CPU
		{47C3AA4A-58A0-4EA9-9AFB-CF0EAAAE2D3C}.Release|Any CPU.ActiveCfg = Release|Any CPU
		{47C3AA4A-58A0-4EA9-9AFB-CF0EAAAE2D3C}.Release|Any CPU.Build.0 = Release|Any CPU
	EndGlobalSection
	GlobalSection(SolutionProperties) = preSolution
		HideSolutionNode = FALSE
	EndGlobalSection
	GlobalSection(ExtensibilityGlobals) = postSolution
		SolutionGuid = {2A2C8E3A-2A73-4470-9A3B-4691CC84C313}
	EndGlobalSection
EndGlobal
